<?xml version="1.0" encoding="utf-8"?>
<Project ToolsVersion="4.0" xmlns="http://schemas.microsoft.com/developer/msbuild/2003">
  <ItemGroup>
    <Filter Include="Исходные файлы">
      <UniqueIdentifier>{4FC737F1-C7A5-4376-A066-2A32D752A2FF}</UniqueIdentifier>
      <Extensions>cpp;c;cc;cxx;def;odl;idl;hpj;bat;asm;asmx</Extensions>
    </Filter>
    <Filter Include="Файлы заголовков">
      <UniqueIdentifier>{93995380-89BD-4b04-88EB-625FBE52EBFB}</UniqueIdentifier>
      <Extensions>h;hh;hpp;hxx;hm;inl;inc;ipp;xsd</Extensions>
    </Filter>
    <Filter Include="Файлы ресурсов">
      <UniqueIdentifier>{67DA6AB6-F800-4c08-8B7A-83BB121AAD01}</UniqueIdentifier>
      <Extensions>rc;ico;cur;bmp;dlg;rc2;rct;bin;rgs;gif;jpg;jpeg;jpe;resx;tiff;tif;png;wav;mfcribbon-ms</Extensions>
    </Filter>
    <Filter Include="Файлы заголовков\Engines">
      <UniqueIdentifier>{0e42709c-8de7-4bd7-9d45-faa357c4a15c}</UniqueIdentifier>
    </Filter>
    <Filter Include="Исходные файлы\Engines">
      <UniqueIdentifier>{ab9d308f-3e66-4eb8-8741-a58cbfc0622b}</UniqueIdentifier>
    </Filter>
    <Filter Include="Файлы ресурсов\sprites">
      <UniqueIdentifier>{f8d0fe8a-6e1c-4a71-9d8f-79fd2ff58b32}</UniqueIdentifier>
    </Filter>
    <Filter Include="Исходные файлы\Levels">
      <UniqueIdentifier>{0697804a-1802-4e96-9298-896ffe91a70b}</UniqueIdentifier>
    </Filter>
    <Filter Include="Файлы заголовков\Levels">
      <UniqueIdentifier>{d0e3cc91-e972-4b9a-88ea-2800d8cd2042}</UniqueIdentifier>
    </Filter>
    <Filter Include="Исходные файлы\Templ">
      <UniqueIdentifier>{e5f839d6-15ab-487f-a830-27da66b56b00}</UniqueIdentifier>
    </Filter>
    <Filter Include="Файлы заголовков\Templ">
      <UniqueIdentifier>{07b84c75-91e4-49a2-b2f3-7dd5b9972d90}</UniqueIdentifier>
    </Filter>
  </ItemGroup>
  <ItemGroup>
    <ClCompile Include="ClassCat.cpp">
      <Filter>Исходные файлы</Filter>
    </ClCompile>
    <ClCompile Include="Source.cpp">
      <Filter>Исходные файлы</Filter>
    </ClCompile>
    <ClCompile Include="Controller.cpp">
      <Filter>Исходные файлы</Filter>
    </ClCompile>
    <ClCompile Include="SpriteAnimation.cpp">
      <Filter>Исходные файлы</Filter>
    </ClCompile>
    <ClCompile Include="PhysicEngine.cpp">
      <Filter>Исходные файлы\Engines</Filter>
    </ClCompile>
    <ClCompile Include="UserControlEngine.cpp">
      <Filter>Исходные файлы\Engines</Filter>
    </ClCompile>
    <ClCompile Include="VisualEngine.cpp">
      <Filter>Исходные файлы\Engines</Filter>
    </ClCompile>
    <ClCompile Include="UserCtrlMove.cpp">
      <Filter>Исходные файлы\Templ</Filter>
    </ClCompile>
    <ClCompile Include="PhysMove.cpp">
      <Filter>Исходные файлы\Templ</Filter>
    </ClCompile>
    <ClCompile Include="VisMove.cpp">
      <Filter>Исходные файлы\Templ</Filter>
    </ClCompile>
    <ClCompile Include="Levels.cpp">
      <Filter>Исходные файлы\Levels</Filter>
    </ClCompile>
    <ClCompile Include="Level_0.cpp">
      <Filter>Исходные файлы\Levels</Filter>
    </ClCompile>
  </ItemGroup>
  <ItemGroup>
    <None Include="ObjMoveTempl.hpp">
      <Filter>Файлы заголовков\Templ</Filter>
    </None>
  </ItemGroup>
  <ItemGroup>
    <ClInclude Include="ClassCat.hpp">
      <Filter>Файлы заголовков</Filter>
    </ClInclude>
    <ClInclude Include="Controller.hpp">
      <Filter>Файлы заголовков</Filter>
    </ClInclude>
    <ClInclude Include="SpriteAnimation.hpp">
      <Filter>Файлы заголовков</Filter>
    </ClInclude>
    <ClInclude Include="Engines.hpp">
      <Filter>Файлы заголовков\Engines</Filter>
    </ClInclude>
    <ClInclude Include="VisualEngine.hpp">
      <Filter>Файлы заголовков\Engines</Filter>
    </ClInclude>
    <ClInclude Include="UserControlEngine.hpp">
      <Filter>Файлы заголовков\Engines</Filter>
    </ClInclude>
    <ClInclude Include="PhysicEngine.hpp">
      <Filter>Файлы заголовков\Engines</Filter>
    </ClInclude>
    <ClInclude Include="PhysMove.hpp">
      <Filter>Файлы заголовков\Templ</Filter>
    </ClInclude>
    <ClInclude Include="UserCtrlMove.hpp">
      <Filter>Файлы заголовков\Templ</Filter>
    </ClInclude>
    <ClInclude Include="VisMove.hpp">
      <Filter>Файлы заголовков\Templ</Filter>
    </ClInclude>
    <ClInclude Include="Levels.h">
      <Filter>Файлы заголовков\Levels</Filter>
    </ClInclude>
    <ClInclude Include="Level_0.h">
      <Filter>Файлы заголовков\Levels</Filter>
    </ClInclude>
  </ItemGroup>
  <ItemGroup>
    <Image Include="sprites\cat.png">
      <Filter>Файлы ресурсов\sprites</Filter>
    </Image>
    <Image Include="sprites\cat_new.png">
      <Filter>Файлы ресурсов\sprites</Filter>
    </Image>
    <Image Include="sprites\hotpng.com.png">
      <Filter>Файлы ресурсов\sprites</Filter>
    </Image>
  </ItemGroup>
</Project>